{
  "name": "batinfo",
  "version": "1.0.3",
  "lockfileVersion": 1,
  "requires": true,
  "dependencies": {
    "systeminformation": {
      "version": "4.0.15",
      "resolved": "https://registry.npmjs.org/systeminformation/-/systeminformation-4.0.15.tgz",
      "integrity": "sha512-fnG0dDORrBHhF9IQzX4pMJzNuQnZvmepGqqv6a2J7VYGv/Z/8+E5Mrzbx4HLvVJZHhTcSe8szTWgLa1ALeh8lg=="
    }
  }
}
